{
  "originHash" : "0f4bd9521d36effae1f2e0b9c37ed03a4ece0c5633137c7656963f59f395faab",
  "pins" : [
    {
      "identity" : "eventsource",
      "kind" : "remoteSourceControl",
      "location" : "https://github.com/mattt/eventsource.git",
      "state" : {
        "revision" : "a3a85a85214caf642abaa96ae664e4c772a59f6e",
        "version" : "1.4.1"
      }
    },
    {
      "identity" : "occtswift",
      "kind" : "remoteSourceControl",
      "location" : "https://github.com/gsdali/OCCTSwift.git",
      "state" : {
        "revision" : "6e3f99603ed14790816cb4857a6df20848bd11ca",
        "version" : "1.7.1"
      }
    },
    {
      "identity" : "occtswiftais",
      "kind" : "remoteSourceControl",
      "location" : "https://github.com/gsdali/OCCTSwiftAIS.git",
      "state" : {
        "revision" : "d531a505a079450462569007ec6272b40ed94768",
        "version" : "1.0.3"
      }
    },
    {
      "identity" : "occtswiftio",
      "kind" : "remoteSourceControl",
      "location" : "https://github.com/gsdali/OCCTSwiftIO.git",
      "state" : {
        "revision" : "05881da56a557873d3bd8a1a3b48f997eef504a6",
        "version" : "1.0.1"
      }
    },
    {
      "identity" : "occtswiftmesh",
      "kind" : "remoteSourceControl",
      "location" : "https://github.com/gsdali/OCCTSwiftMesh.git",
      "state" : {
        "revision" : "70a0bdad8377d928710a22b92d8bc93aeca45470",
        "version" : "1.1.1"
      }
    },
    {
      "identity" : "occtswiftscripts",
      "kind" : "remoteSourceControl",
      "location" : "https://github.com/gsdali/OCCTSwiftScripts.git",
      "state" : {
        "revision" : "d95999b9cbea02a2aed0db5b5299c7bcc7a4e498",
        "version" : "1.2.0"
      }
    },
    {
      "identity" : "occtswifttools",
      "kind" : "remoteSourceControl",
      "location" : "https://github.com/gsdali/OCCTSwiftTools.git",
      "state" : {
        "revision" : "a80581273e9299aa72b2f0e6d1ac786208c50950",
        "version" : "1.1.2"
      }
    },
    {
      "identity" : "occtswiftviewport",
      "kind" : "remoteSourceControl",
      "location" : "https://github.com/gsdali/OCCTSwiftViewport.git",
      "state" : {
        "revision" : "069d894a9c3f9c366e4387eff2cda796703faf99",
        "version" : "1.1.20"
      }
    },
    {
      "identity" : "swift-atomics",
      "kind" : "remoteSourceControl",
      "location" : "https://github.com/apple/swift-atomics.git",
      "state" : {
        "revision" : "b601256eab081c0f92f059e12818ac1d4f178ff7",
        "version" : "1.3.0"
      }
    },
    {
      "identity" : "swift-collections",
      "kind" : "remoteSourceControl",
      "location" : "https://github.com/apple/swift-collections.git",
      "state" : {
        "revision" : "a0cb0954ecb21e4e31b0070e6ed5674e8556685a",
        "version" : "1.6.0"
      }
    },
    {
      "identity" : "swift-log",
      "kind" : "remoteSourceControl",
      "location" : "https://github.com/apple/swift-log.git",
      "state" : {
        "revision" : "92448c359f00ebe36ae97d3bd9086f13c7692b5a",
        "version" : "1.13.2"
      }
    },
    {
      "identity" : "swift-nio",
      "kind" : "remoteSourceControl",
      "location" : "https://github.com/apple/swift-nio.git",
      "state" : {
        "revision" : "77b84ac2cd2ac9e4ac67d19f045fd5b434f56967",
        "version" : "2.101.0"
      }
    },
    {
      "identity" : "swift-sdk",
      "kind" : "remoteSourceControl",
      "location" : "https://github.com/modelcontextprotocol/swift-sdk.git",
      "state" : {
        "revision" : "a0ae212ebf6eab5f754c3129608bc5557637e605",
        "version" : "0.12.1"
      }
    },
    {
      "identity" : "swift-system",
      "kind" : "remoteSourceControl",
      "location" : "https://github.com/apple/swift-system.git",
      "state" : {
        "revision" : "7502b711c92a17741fa625d722b0ccbd595d8ed1",
        "version" : "1.7.2"
      }
    }
  ],
  "version" : 3
}
